
Microsoft Visual Studio Solution File, Format Version 12.00
# Visual Studio Version 16
VisualStudioVersion = 16.0.29920.165
MinimumVisualStudioVersion = 10.0.40219.1
Project("{9A19103F-16F7-4668-BE54-9A1E7A4F7556}") = "HellHeimRPG", "HellHeimRPG\HellHeimRPG.csproj", "{6445803B-C90F-4FC4-8321-6737E2E72C3E}"
EndProject
Project("{9A19103F-16F7-4668-BE54-9A1E7A4F7556}") = "Tests", "Tests\Tests.csproj", "{C134EB80-E46F-4769-ABD8-9E9AEE859123}"
EndProject
Project("{9A19103F-16F7-4668-BE54-9A1E7A4F7556}") = "Harp", "Harp\Harp.csproj", "{99451D8C-5DC4-4B5F-AD85-8F270E6DFA70}"
EndProject
Project("{F2A71F9B-5D33-465A-A702-920D77279786}") = "Functional", "Functional\Functional.fsproj", "{320A984E-DF2E-4DF6-815B-E87871150898}"
EndProject
Global
	GlobalSection(SolutionConfigurationPlatforms) = preSolution
		Debug|Any CPU = Debug|Any CPU
		Release|Any CPU = Release|Any CPU
	EndGlobalSection
	GlobalSection(ProjectConfigurationPlatforms) = postSolution
		{6445803B-C90F-4FC4-8321-6737E2E72C3E}.Debug|Any CPU.ActiveCfg = Debug|Any CPU
		{6445803B-C90F-4FC4-8321-6737E2E72C3E}.Debug|Any CPU.Build.0 = Debug|Any CPU
		{6445803B-C90F-4FC4-8321-6737E2E72C3E}.Release|Any CPU.ActiveCfg = Release|Any CPU
		{6445803B-C90F-4FC4-8321-6737E2E72C3E}.Release|Any CPU.Build.0 = Release|Any CPU
		{C134EB80-E46F-4769-ABD8-9E9AEE859123}.Debug|Any CPU.ActiveCfg = Debug|Any CPU
		{C134EB80-E46F-4769-ABD8-9E9AEE859123}.Debug|Any CPU.Build.0 = Debug|Any CPU
		{C134EB80-E46F-4769-ABD8-9E9AEE859123}.Release|Any CPU.ActiveCfg = Release|Any CPU
		{C134EB80-E46F-4769-ABD8-9E9AEE859123}.Release|Any CPU.Build.0 = Release|Any CPU
		{99451D8C-5DC4-4B5F-AD85-8F270E6DFA70}.Debug|Any CPU.ActiveCfg = Debug|Any CPU
		{99451D8C-5DC4-4B5F-AD85-8F270E6DFA70}.Debug|Any CPU.Build.0 = Debug|Any CPU
		{99451D8C-5DC4-4B5F-AD85-8F270E6DFA70}.Release|Any CPU.ActiveCfg = Release|Any CPU
		{99451D8C-5DC4-4B5F-AD85-8F270E6DFA70}.Release|Any CPU.Build.0 = Release|Any CPU
		{320A984E-DF2E-4DF6-815B-E87871150898}.Debug|Any CPU.ActiveCfg = Debug|Any CPU
		{320A984E-DF2E-4DF6-815B-E87871150898}.Debug|Any CPU.Build.0 = Debug|Any CPU
		{320A984E-DF2E-4DF6-815B-E87871150898}.Release|Any CPU.ActiveCfg = Release|Any CPU
		{320A984E-DF2E-4DF6-815B-E87871150898}.Release|Any CPU.Build.0 = Release|Any CPU
	EndGlobalSection
	GlobalSection(SolutionProperties) = preSolution
		HideSolutionNode = FALSE
	EndGlobalSection
	GlobalSection(ExtensibilityGlobals) = postSolution
		SolutionGuid = {EFC6B46E-1B77-457D-AF04-1C129F3B136E}
	EndGlobalSection
EndGlobal
